
Microsoft Visual Studio Solution File, Format Version 12.00
# Visual Studio Version 16
VisualStudioVersion = 16.0.31829.152
MinimumVisualStudioVersion = 10.0.40219.1
Project("{8BC9CEB8-8B4A-11D0-8D11-00A0C91BC942}") = "有关指针大小的计算", "有关指针大小的计算\有关指针大小的计算.vcxproj", "{CF84D54C-038B-4B50-8880-A42FB49ECD00}"
EndProject
Global
	GlobalSection(SolutionConfigurationPlatforms) = preSolution
		Debug|x64 = Debug|x64
		Debug|x86 = Debug|x86
		Release|x64 = Release|x64
		Release|x86 = Release|x86
	EndGlobalSection
	GlobalSection(ProjectConfigurationPlatforms) = postSolution
		{CF84D54C-038B-4B50-8880-A42FB49ECD00}.Debug|x64.ActiveCfg = Debug|x64
		{CF84D54C-038B-4B50-8880-A42FB49ECD00}.Debug|x64.Build.0 = Debug|x64
		{CF84D54C-038B-4B50-8880-A42FB49ECD00}.Debug|x86.ActiveCfg = Debug|Win32
		{CF84D54C-038B-4B50-8880-A42FB49ECD00}.Debug|x86.Build.0 = Debug|Win32
		{CF84D54C-038B-4B50-8880-A42FB49ECD00}.Release|x64.ActiveCfg = Release|x64
		{CF84D54C-038B-4B50-8880-A42FB49ECD00}.Release|x64.Build.0 = Release|x64
		{CF84D54C-038B-4B50-8880-A42FB49ECD00}.Release|x86.ActiveCfg = Release|Win32
		{CF84D54C-038B-4B50-8880-A42FB49ECD00}.Release|x86.Build.0 = Release|Win32
	EndGlobalSection
	GlobalSection(SolutionProperties) = preSolution
		HideSolutionNode = FALSE
	EndGlobalSection
	GlobalSection(ExtensibilityGlobals) = postSolution
		SolutionGuid = {C22DF5F6-1400-487B-911C-F987C722DB5E}
	EndGlobalSection
EndGlobal
